{
    "requires": true,
    "lockfileVersion": 1,
    "dependencies": {
        "datepicker-bootstrap": {
            "version": "1.9.11",
            "resolved": "https://registry.npmjs.org/datepicker-bootstrap/-/datepicker-bootstrap-1.9.11.tgz",
            "integrity": "sha512-4xqkVMIXFVck0zNwfhfU+/1m3/YDLU2wmijlDPbw3YXlyM5t+gvWjABFUohRufQgZkBQQlmRBLGtc9DQwYE0zA==",
            "requires": {
                "jquery": ">=1.9.1"
            }
        },
        "jquery": {
            "version": "3.2.1",
            "resolved": "https://registry.npmjs.org/jquery/-/jquery-3.2.1.tgz",
            "integrity": "sha1-XE2d5lKvbNCncBVKYxu6ErAVx4c="
        }
    }
}
